// !$*UTF8*$!
{
	archiveVersion = 1;
	classes = {
	};
	objectVersion = 46;
	objects = {

/* Begin PBXBuildFile section */
		69AC02401EF7412E00E143A3 /* AppDelegate.swift in Sources */ = {isa = PBXBuildFile; fileRef = 69AC023F1EF7412E00E143A3 /* AppDelegate.swift */; };
		69AC02421EF7412F00E143A3 /* ViewController.swift in Sources */ = {isa = PBXBuildFile; fileRef = 69AC02411EF7412F00E143A3 /* ViewController.swift */; };
		69AC02451EF7412F00E143A3 /* Main.storyboard in Resources */ = {isa = PBXBuildFile; fileRef = 69AC02431EF7412F00E143A3 /* Main.storyboard */; };
		69AC02471EF7413000E143A3 /* Assets.xcassets in Resources */ = {isa = PBXBuildFile; fileRef = 69AC02461EF7413000E143A3 /* Assets.xcassets */; };
		69AC024A1EF7413000E143A3 /* LaunchScreen.storyboard in Resources */ = {isa = PBXBuildFile; fileRef = 69AC02481EF7413000E143A3 /* LaunchScreen.storyboard */; };
		69AC02551EF7413000E143A3 /* SocialAppTests.swift in Sources */ = {isa = PBXBuildFile; fileRef = 69AC02541EF7413000E143A3 /* SocialAppTests.swift */; };
/* End PBXBuildFile section */

/* Begin PBXContainerItemProxy section */
		69AC02511EF7413000E143A3 /* PBXContainerItemProxy */ = {
			isa = PBXContainerItemProxy;
			containerPortal = 69AC02341EF7412E00E143A3 /* Project object */;
			proxyType = 1;
			remoteGlobalIDString = 69AC023B1EF7412E00E143A3;
			remoteInfo = SocialApp;
		};
/* End PBXContainerItemProxy section */

/* Begin PBXFileReference section */
		69AC023C1EF7412E00E143A3 /* SocialApp.app */ = {isa = PBXFileReference; explicitFileType = wrapper.application; includeInIndex = 0; path = SocialApp.app; sourceTree = BUILT_PRODUCTS_DIR; };
		69AC023F1EF7412E00E143A3 /* AppDelegate.swift */ = {isa = PBXFileReference; lastKnownFileType = sourcecode.swift; path = AppDelegate.swift; sourceTree = "<group>"; };
		69AC02411EF7412F00E143A3 /* ViewController.swift */ = {isa = PBXFileReference; lastKnownFileType = sourcecode.swift; path = ViewController.swift; sourceTree = "<group>"; };
		69AC02441EF7412F00E143A3 /* Base */ = {isa = PBXFileReference; lastKnownFileType = file.storyboard; name = Base; path = Base.lproj/Main.storyboard; sourceTree = "<group>"; };
		69AC02461EF7413000E143A3 /* Assets.xcassets */ = {isa = PBXFileReference; lastKnownFileType = folder.assetcatalog; path = Assets.xcassets; sourceTree = "<group>"; };
		69AC02491EF7413000E143A3 /* Base */ = {isa = PBXFileReference; lastKnownFileType = file.storyboard; name = Base; path = Base.lproj/LaunchScreen.storyboard; sourceTree = "<group>"; };
		69AC024B1EF7413000E143A3 /* Info.plist */ = {isa = PBXFileReference; lastKnownFileType = text.plist.xml; path = Info.plist; sourceTree = "<group>"; };
		69AC02501EF7413000E143A3 /* SocialAppTests.xctest */ = {isa = PBXFileReference; explicitFileType = wrapper.cfbundle; includeInIndex = 0; path = SocialAppTests.xctest; sourceTree = BUILT_PRODUCTS_DIR; };
		69AC02541EF7413000E143A3 /* SocialAppTests.swift */ = {isa = PBXFileReference; lastKnownFileType = sourcecode.swift; path = SocialAppTests.swift; sourceTree = "<group>"; };
		69AC02561EF7413000E143A3 /* Info.plist */ = {isa = PBXFileReference; lastKnownFileType = text.plist.xml; path = Info.plist; sourceTree = "<group>"; };
/* End PBXFileReference section */

/* Begin PBXFrameworksBuildPhase section */
		69AC02391EF7412E00E143A3 /* Frameworks */ = {
			isa = PBXFrameworksBuildPhase;
			buildActionMask = 2147483647;
			files = (
			);
			runOnlyForDeploymentPostprocessing = 0;
		};
		69AC024D1EF7413000E143A3 /* Frameworks */ = {
			isa = PBXFrameworksBuildPhase;
			buildActionMask = 2147483647;
			files = (
			);
			runOnlyForDeploymentPostprocessing = 0;
		};
/* End PBXFrameworksBuildPhase section */

/* Begin PBXGroup section */
		69AC02331EF7412D00E143A3 = {
			isa = PBXGroup;
			children = (
				69AC023E1EF7412E00E143A3 /* SocialApp */,
				69AC02531EF7413000E143A3 /* SocialAppTests */,
				69AC023D1EF7412E00E143A3 /* Products */,
			);
			sourceTree = "<group>";
		};
		69AC023D1EF7412E00E143A3 /* Products */ = {
			isa = PBXGroup;
			children = (
				69AC023C1EF7412E00E143A3 /* SocialApp.app */,
				69AC02501EF7413000E143A3 /* SocialAppTests.xctest */,
			);
			name = Products;
			sourceTree = "<group>";
		};
		69AC023E1EF7412E00E143A3 /* SocialApp */ = {
			isa = PBXGroup;
			children = (
				69AC023F1EF7412E00E143A3 /* AppDelegate.swift */,
				69AC02411EF7412F00E143A3 /* ViewController.swift */,
				69AC02431EF7412F00E143A3 /* Main.storyboard */,
				69AC02461EF7413000E143A3 /* Assets.xcassets */,
				69AC02481EF7413000E143A3 /* LaunchScreen.storyboard */,
				69AC024B1EF7413000E143A3 /* Info.plist */,
			);
			path = SocialApp;
			sourceTree = "<group>";
		};
		69AC02531EF7413000E143A3 /* SocialAppTests */ = {
			isa = PBXGroup;
			children = (
				69AC02541EF7413000E143A3 /* SocialAppTests.swift */,
				69AC02561EF7413000E143A3 /* Info.plist */,
			);
			path = SocialAppTests;
			sourceTree = "<group>";
		};
/* End PBXGroup section */

/* Begin PBXNativeTarget section */
		69AC023B1EF7412E00E143A3 /* SocialApp */ = {
			isa = PBXNativeTarget;
			buildConfigurationList = 69AC02591EF7413000E143A3 /* Build configuration list for PBXNativeTarget "SocialApp" */;
			buildPhases = (
				69AC02381EF7412E00E143A3 /* Sources */,
				69AC02391EF7412E00E143A3 /* Frameworks */,
				69AC023A1EF7412E00E143A3 /* Resources */,
			);
			buildRules = (
			);
			dependencies = (
			);
			name = SocialApp;
			productName = SocialApp;
			productReference = 69AC023C1EF7412E00E143A3 /* SocialApp.app */;
			productType = "com.apple.product-type.application";
		};
		69AC024F1EF7413000E143A3 /* SocialAppTests */ = {
			isa = PBXNativeTarget;
			buildConfigurationList = 69AC025C1EF7413000E143A3 /* Build configuration list for PBXNativeTarget "SocialAppTests" */;
			buildPhases = (
				69AC024C1EF7413000E143A3 /* Sources */,
				69AC024D1EF7413000E143A3 /* Frameworks */,
				69AC024E1EF7413000E143A3 /* Resources */,
			);
			buildRules = (
			);
			dependencies = (
				69AC02521EF7413000E143A3 /* PBXTargetDependency */,
			);
			name = SocialAppTests;
			productName = SocialAppTests;
			productReference = 69AC02501EF7413000E143A3 /* SocialAppTests.xctest */;
			productType = "com.apple.product-type.bundle.unit-test";
		};
/* End PBXNativeTarget section */

/* Begin PBXProject section */
		69AC02341EF7412E00E143A3 /* Project object */ = {
			isa = PBXProject;
			attributes = {
				LastSwiftUpdateCheck = 0830;
				LastUpgradeCheck = 0830;
				ORGANIZATIONNAME = "Arturo Arena";
				TargetAttributes = {
					69AC023B1EF7412E00E143A3 = {
						CreatedOnToolsVersion = 8.3.3;
						DevelopmentTeam = Q9W4EG9Y84;
						ProvisioningStyle = Automatic;
					};
					69AC024F1EF7413000E143A3 = {
						CreatedOnToolsVersion = 8.3.3;
						DevelopmentTeam = Q9W4EG9Y84;
						ProvisioningStyle = Automatic;
						TestTargetID = 69AC023B1EF7412E00E143A3;
					};
				};
			};
			buildConfigurationList = 69AC02371EF7412E00E143A3 /* Build configuration list for PBXProject "SocialApp" */;
			compatibilityVersion = "Xcode 3.2";
			developmentRegion = English;
			hasScannedForEncodings = 0;
			knownRegions = (
				en,
				Base,
			);
			mainGroup = 69AC02331EF7412D00E143A3;
			productRefGroup = 69AC023D1EF7412E00E143A3 /* Products */;
			projectDirPath = "";
			projectRoot = "";
			targets = (
				69AC023B1EF7412E00E143A3 /* SocialApp */,
				69AC024F1EF7413000E143A3 /* SocialAppTests */,
			);
		};
/* End PBXProject section */

/* Begin PBXResourcesBuildPhase section */
		69AC023A1EF7412E00E143A3 /* Resources */ = {
			isa = PBXResourcesBuildPhase;
			buildActionMask = 2147483647;
			files = (
				69AC024A1EF7413000E143A3 /* LaunchScreen.storyboard in Resources */,
				69AC02471EF7413000E143A3 /* Assets.xcassets in Resources */,
				69AC02451EF7412F00E143A3 /* Main.storyboard in Resources */,
			);
			runOnlyForDeploymentPostprocessing = 0;
		};
		69AC024E1EF7413000E143A3 /* Resources */ = {
			isa = PBXResourcesBuildPhase;
			buildActionMask = 2147483647;
			files = (
			);
			runOnlyForDeploymentPostprocessing = 0;
		};
/* End PBXResourcesBuildPhase section */

/* Begin PBXSourcesBuildPhase section */
		69AC02381EF7412E00E143A3 /* Sources */ = {
			isa = PBXSourcesBuildPhase;
			buildActionMask = 2147483647;
			files = (
				69AC02421EF7412F00E143A3 /* ViewController.swift in Sources */,
				69AC02401EF7412E00E143A3 /* AppDelegate.swift in Sources */,
			);
			runOnlyForDeploymentPostprocessing = 0;
		};
		69AC024C1EF7413000E143A3 /* Sources */ = {
			isa = PBXSourcesBuildPhase;
			buildActionMask = 2147483647;
			files = (
				69AC02551EF7413000E143A3 /* SocialAppTests.swift in Sources */,
			);
			runOnlyForDeploymentPostprocessing = 0;
		};
/* End PBXSourcesBuildPhase section */

/* Begin PBXTargetDependency section */
		69AC02521EF7413000E143A3 /* PBXTargetDependency */ = {
			isa = PBXTargetDependency;
			target = 69AC023B1EF7412E00E143A3 /* SocialApp */;
			targetProxy = 69AC02511EF7413000E143A3 /* PBXContainerItemProxy */;
		};
/* End PBXTargetDependency section */

/* Begin PBXVariantGroup section */
		69AC02431EF7412F00E143A3 /* Main.storyboard */ = {
			isa = PBXVariantGroup;
			children = (
				69AC02441EF7412F00E143A3 /* Base */,
			);
			name = Main.storyboard;
			sourceTree = "<group>";
		};
		69AC02481EF7413000E143A3 /* LaunchScreen.storyboard */ = {
			isa = PBXVariantGroup;
			children = (
				69AC02491EF7413000E143A3 /* Base */,
			);
			name = LaunchScreen.storyboard;
			sourceTree = "<group>";
		};
/* End PBXVariantGroup section */

/* Begin XCBuildConfiguration section */
		69AC02571EF7413000E143A3 /* Debug */ = {
			isa = XCBuildConfiguration;
			buildSettings = {
				ALWAYS_SEARCH_USER_PATHS = NO;
				CLANG_ANALYZER_NONNULL = YES;
				CLANG_ANALYZER_NUMBER_OBJECT_CONVERSION = YES_AGGRESSIVE;
				CLANG_CXX_LANGUAGE_STANDARD = "gnu++0x";
				CLANG_CXX_LIBRARY = "libc++";
				CLANG_ENABLE_MODULES = YES;
				CLANG_ENABLE_OBJC_ARC = YES;
				CLANG_WARN_BOOL_CONVERSION = YES;
				CLANG_WARN_CONSTANT_CONVERSION = YES;
				CLANG_WARN_DIRECT_OBJC_ISA_USAGE = YES_ERROR;
				CLANG_WARN_DOCUMENTATION_COMMENTS = YES;
				CLANG_WARN_EMPTY_BODY = YES;
				CLANG_WARN_ENUM_CONVERSION = YES;
				CLANG_WARN_INFINITE_RECURSION = YES;
				CLANG_WARN_INT_CONVERSION = YES;
				CLANG_WARN_OBJC_ROOT_CLASS = YES_ERROR;
				CLANG_WARN_SUSPICIOUS_MOVE = YES;
				CLANG_WARN_UNREACHABLE_CODE = YES;
				CLANG_WARN__DUPLICATE_METHOD_MATCH = YES;
				"CODE_SIGN_IDENTITY[sdk=iphoneos*]" = "iPhone Developer";
				COPY_PHASE_STRIP = NO;
				DEBUG_INFORMATION_FORMAT = dwarf;
				ENABLE_STRICT_OBJC_MSGSEND = YES;
				ENABLE_TESTABILITY = YES;
				GCC_C_LANGUAGE_STANDARD = gnu99;
				GCC_DYNAMIC_NO_PIC = NO;
				GCC_NO_COMMON_BLOCKS = YES;
				GCC_OPTIMIZATION_LEVEL = 0;
				GCC_PREPROCESSOR_DEFINITIONS = (
					"DEBUG=1",
					"$(inherited)",
				);
				GCC_WARN_64_TO_32_BIT_CONVERSION = YES;
				GCC_WARN_ABOUT_RETURN_TYPE = YES_ERROR;
				GCC_WARN_UNDECLARED_SELECTOR = YES;
				GCC_WARN_UNINITIALIZED_AUTOS = YES_AGGRESSIVE;
				GCC_WARN_UNUSED_FUNCTION = YES;
				GCC_WARN_UNUSED_VARIABLE = YES;
				IPHONEOS_DEPLOYMENT_TARGET = 10.3;
				MTL_ENABLE_DEBUG_INFO = YES;
				ONLY_ACTIVE_ARCH = YES;
				SDKROOT = iphoneos;
				SWIFT_ACTIVE_COMPILATION_CONDITIONS = DEBUG;
				SWIFT_OPTIMIZATION_LEVEL = "-Onone";
			};
			name = Debug;
		};
		69AC02581EF7413000E143A3 /* Release */ = {
			isa = XCBuildConfiguration;
			buildSettings = {
				ALWAYS_SEARCH_USER_PATHS = NO;
				CLANG_ANALYZER_NONNULL = YES;
				CLANG_ANALYZER_NUMBER_OBJECT_CONVERSION = YES_AGGRESSIVE;
				CLANG_CXX_LANGUAGE_STANDARD = "gnu++0x";
				CLANG_CXX_LIBRARY = "libc++";
				CLANG_ENABLE_MODULES = YES;
				CLANG_ENABLE_OBJC_ARC = YES;
				CLANG_WARN_BOOL_CONVERSION = YES;
				CLANG_WARN_CONSTANT_CONVERSION = YES;
				CLANG_WARN_DIRECT_OBJC_ISA_USAGE = YES_ERROR;
				CLANG_WARN_DOCUMENTATION_COMMENTS = YES;
				CLANG_WARN_EMPTY_BODY = YES;
				CLANG_WARN_ENUM_CONVERSION = YES;
				CLANG_WARN_INFINITE_RECURSION = YES;
				CLANG_WARN_INT_CONVERSION = YES;
				CLANG_WARN_OBJC_ROOT_CLASS = YES_ERROR;
				CLANG_WARN_SUSPICIOUS_MOVE = YES;
				CLANG_WARN_UNREACHABLE_CODE = YES;
				CLANG_WARN__DUPLICATE_METHOD_MATCH = YES;
				"CODE_SIGN_IDENTITY[sdk=iphoneos*]" = "iPhone Developer";
				COPY_PHASE_STRIP = NO;
				DEBUG_INFORMATION_FORMAT = "dwarf-with-dsym";
				ENABLE_NS_ASSERTIONS = NO;
				ENABLE_STRICT_OBJC_MSGSEND = YES;
				GCC_C_LANGUAGE_STANDARD = gnu99;
				GCC_NO_COMMON_BLOCKS = YES;
				GCC_WARN_64_TO_32_BIT_CONVERSION = YES;
				GCC_WARN_ABOUT_RETURN_TYPE = YES_ERROR;
				GCC_WARN_UNDECLARED_SELECTOR = YES;
				GCC_WARN_UNINITIALIZED_AUTOS = YES_AGGRESSIVE;
				GCC_WARN_UNUSED_FUNCTION = YES;
				GCC_WARN_UNUSED_VARIABLE = YES;
				IPHONEOS_DEPLOYMENT_TARGET = 10.3;
				MTL_ENABLE_DEBUG_INFO = NO;
				SDKROOT = iphoneos;
				SWIFT_OPTIMIZATION_LEVEL = "-Owholemodule";
				VALIDATE_PRODUCT = YES;
			};
			name = Release;
		};
		69AC025A1EF7413000E143A3 /* Debug */ = {
			isa = XCBuildConfiguration;
			buildSettings = {
				ASSETCATALOG_COMPILER_APPICON_NAME = AppIcon;
				DEVELOPMENT_TEAM = Q9W4EG9Y84;
				INFOPLIST_FILE = SocialApp/Info.plist;
				LD_RUNPATH_SEARCH_PATHS = "$(inherited) @executable_path/Frameworks";
				PRODUCT_BUNDLE_IDENTIFIER = MyRoomCreations.SocialApp;
				PRODUCT_NAME = "$(TARGET_NAME)";
				SWIFT_VERSION = 3.0;
			};
			name = Debug;
		};
		69AC025B1EF7413000E143A3 /* Release */ = {
			isa = XCBuildConfiguration;
			buildSettings = {
				ASSETCATALOG_COMPILER_APPICON_NAME = AppIcon;
				DEVELOPMENT_TEAM = Q9W4EG9Y84;
				INFOPLIST_FILE = SocialApp/Info.plist;
				LD_RUNPATH_SEARCH_PATHS = "$(inherited) @executable_path/Frameworks";
				PRODUCT_BUNDLE_IDENTIFIER = MyRoomCreations.SocialApp;
				PRODUCT_NAME = "$(TARGET_NAME)";
				SWIFT_VERSION = 3.0;
			};
			name = Release;
		};
		69AC025D1EF7413000E143A3 /* Debug */ = {
			isa = XCBuildConfiguration;
			buildSettings = {
				ALWAYS_EMBED_SWIFT_STANDARD_LIBRARIES = YES;
				BUNDLE_LOADER = "$(TEST_HOST)";
				DEVELOPMENT_TEAM = Q9W4EG9Y84;
				INFOPLIST_FILE = SocialAppTests/Info.plist;
				LD_RUNPATH_SEARCH_PATHS = "$(inherited) @executable_path/Frameworks @loader_path/Frameworks";
				PRODUCT_BUNDLE_IDENTIFIER = MyRoomCreations.SocialAppTests;
				PRODUCT_NAME = "$(TARGET_NAME)";
				SWIFT_VERSION = 3.0;
				TEST_HOST = "$(BUILT_PRODUCTS_DIR)/SocialApp.app/SocialApp";
			};
			name = Debug;
		};
		69AC025E1EF7413000E143A3 /* Release */ = {
			isa = XCBuildConfiguration;
			buildSettings = {
				ALWAYS_EMBED_SWIFT_STANDARD_LIBRARIES = YES;
				BUNDLE_LOADER = "$(TEST_HOST)";
				DEVELOPMENT_TEAM = Q9W4EG9Y84;
				INFOPLIST_FILE = SocialAppTests/Info.plist;
				LD_RUNPATH_SEARCH_PATHS = "$(inherited) @executable_path/Frameworks @loader_path/Frameworks";
				PRODUCT_BUNDLE_IDENTIFIER = MyRoomCreations.SocialAppTests;
				PRODUCT_NAME = "$(TARGET_NAME)";
				SWIFT_VERSION = 3.0;
				TEST_HOST = "$(BUILT_PRODUCTS_DIR)/SocialApp.app/SocialApp";
			};
			name = Release;
		};
/* End XCBuildConfiguration section */

/* Begin XCConfigurationList section */
		69AC02371EF7412E00E143A3 /* Build configuration list for PBXProject "SocialApp" */ = {
			isa = XCConfigurationList;
			buildConfigurations = (
				69AC02571EF7413000E143A3 /* Debug */,
				69AC02581EF7413000E143A3 /* Release */,
			);
			defaultConfigurationIsVisible = 0;
			defaultConfigurationName = Release;
		};
		69AC02591EF7413000E143A3 /* Build configuration list for PBXNativeTarget "SocialApp" */ = {
			isa = XCConfigurationList;
			buildConfigurations = (
				69AC025A1EF7413000E143A3 /* Debug */,
				69AC025B1EF7413000E143A3 /* Release */,
			);
			defaultConfigurationIsVisible = 0;
		};
		69AC025C1EF7413000E143A3 /* Build configuration list for PBXNativeTarget "SocialAppTests" */ = {
			isa = XCConfigurationList;
			buildConfigurations = (
				69AC025D1EF7413000E143A3 /* Debug */,
				69AC025E1EF7413000E143A3 /* Release */,
			);
			defaultConfigurationIsVisible = 0;
		};
/* End XCConfigurationList section */
	};
	rootObject = 69AC02341EF7412E00E143A3 /* Project object */;
}
