// !$*UTF8*$!
{
	archiveVersion = 1;
	classes = {
	};
	objectVersion = 46;
	objects = {

/* Begin PBXBuildFile section */
		1DD7D4DEBFF340482A864B26 /* Pods_SocialAppTests.framework in Frameworks */ = {isa = PBXBuildFile; fileRef = 7776F04DCB0E073469A964A5 /* Pods_SocialAppTests.framework */; };
		69AC02401EF7412E00E143A3 /* AppDelegate.swift in Sources */ = {isa = PBXBuildFile; fileRef = 69AC023F1EF7412E00E143A3 /* AppDelegate.swift */; };
		69AC02421EF7412F00E143A3 /* SignInVC.swift in Sources */ = {isa = PBXBuildFile; fileRef = 69AC02411EF7412F00E143A3 /* SignInVC.swift */; };
		69AC02451EF7412F00E143A3 /* Main.storyboard in Resources */ = {isa = PBXBuildFile; fileRef = 69AC02431EF7412F00E143A3 /* Main.storyboard */; };
		69AC02471EF7413000E143A3 /* Assets.xcassets in Resources */ = {isa = PBXBuildFile; fileRef = 69AC02461EF7413000E143A3 /* Assets.xcassets */; };
		69AC024A1EF7413000E143A3 /* LaunchScreen.storyboard in Resources */ = {isa = PBXBuildFile; fileRef = 69AC02481EF7413000E143A3 /* LaunchScreen.storyboard */; };
		69AC02551EF7413000E143A3 /* SocialAppTests.swift in Sources */ = {isa = PBXBuildFile; fileRef = 69AC02541EF7413000E143A3 /* SocialAppTests.swift */; };
		69AC02601EF7430300E143A3 /* GoogleService-Info.plist in Resources */ = {isa = PBXBuildFile; fileRef = 69AC025F1EF7430300E143A3 /* GoogleService-Info.plist */; };
		69E386A11EF783270045C133 /* TopMargrin.swift in Sources */ = {isa = PBXBuildFile; fileRef = 69E386A01EF783270045C133 /* TopMargrin.swift */; };
		69E386A41EF783A40045C133 /* Constants.swift in Sources */ = {isa = PBXBuildFile; fileRef = 69E386A31EF783A40045C133 /* Constants.swift */; };
		69E386A61EF785DF0045C133 /* RoundBtn.swift in Sources */ = {isa = PBXBuildFile; fileRef = 69E386A51EF785DF0045C133 /* RoundBtn.swift */; };
		69E386A81EF78B450045C133 /* RoundCornersBtn.swift in Sources */ = {isa = PBXBuildFile; fileRef = 69E386A71EF78B450045C133 /* RoundCornersBtn.swift */; };
		70D020841F2D2244DB54918E /* Pods_SocialApp.framework in Frameworks */ = {isa = PBXBuildFile; fileRef = 72D166E7664D40CBBDEDCF86 /* Pods_SocialApp.framework */; };
/* End PBXBuildFile section */

/* Begin PBXContainerItemProxy section */
		69AC02511EF7413000E143A3 /* PBXContainerItemProxy */ = {
			isa = PBXContainerItemProxy;
			containerPortal = 69AC02341EF7412E00E143A3 /* Project object */;
			proxyType = 1;
			remoteGlobalIDString = 69AC023B1EF7412E00E143A3;
			remoteInfo = SocialApp;
		};
/* End PBXContainerItemProxy section */

/* Begin PBXFileReference section */
		1E8F8A90F634658DFAA08B96 /* Pods-SocialAppTests.release.xcconfig */ = {isa = PBXFileReference; includeInIndex = 1; lastKnownFileType = text.xcconfig; name = "Pods-SocialAppTests.release.xcconfig"; path = "Pods/Target Support Files/Pods-SocialAppTests/Pods-SocialAppTests.release.xcconfig"; sourceTree = "<group>"; };
		4403B60F1F01D12E003B38F4 /* SocialApp.entitlements */ = {isa = PBXFileReference; lastKnownFileType = text.plist.entitlements; path = SocialApp.entitlements; sourceTree = "<group>"; };
		69AC023C1EF7412E00E143A3 /* SocialApp.app */ = {isa = PBXFileReference; explicitFileType = wrapper.application; includeInIndex = 0; path = SocialApp.app; sourceTree = BUILT_PRODUCTS_DIR; };
		69AC023F1EF7412E00E143A3 /* AppDelegate.swift */ = {isa = PBXFileReference; lastKnownFileType = sourcecode.swift; path = AppDelegate.swift; sourceTree = "<group>"; };
		69AC02411EF7412F00E143A3 /* SignInVC.swift */ = {isa = PBXFileReference; lastKnownFileType = sourcecode.swift; path = SignInVC.swift; sourceTree = "<group>"; };
		69AC02441EF7412F00E143A3 /* Base */ = {isa = PBXFileReference; lastKnownFileType = file.storyboard; name = Base; path = Base.lproj/Main.storyboard; sourceTree = "<group>"; };
		69AC02461EF7413000E143A3 /* Assets.xcassets */ = {isa = PBXFileReference; lastKnownFileType = folder.assetcatalog; path = Assets.xcassets; sourceTree = "<group>"; };
		69AC02491EF7413000E143A3 /* Base */ = {isa = PBXFileReference; lastKnownFileType = file.storyboard; name = Base; path = Base.lproj/LaunchScreen.storyboard; sourceTree = "<group>"; };
		69AC024B1EF7413000E143A3 /* Info.plist */ = {isa = PBXFileReference; lastKnownFileType = text.plist.xml; path = Info.plist; sourceTree = "<group>"; };
		69AC02501EF7413000E143A3 /* SocialAppTests.xctest */ = {isa = PBXFileReference; explicitFileType = wrapper.cfbundle; includeInIndex = 0; path = SocialAppTests.xctest; sourceTree = BUILT_PRODUCTS_DIR; };
		69AC02541EF7413000E143A3 /* SocialAppTests.swift */ = {isa = PBXFileReference; lastKnownFileType = sourcecode.swift; path = SocialAppTests.swift; sourceTree = "<group>"; };
		69AC02561EF7413000E143A3 /* Info.plist */ = {isa = PBXFileReference; lastKnownFileType = text.plist.xml; path = Info.plist; sourceTree = "<group>"; };
		69AC025F1EF7430300E143A3 /* GoogleService-Info.plist */ = {isa = PBXFileReference; fileEncoding = 4; lastKnownFileType = text.plist.xml; path = "GoogleService-Info.plist"; sourceTree = "<group>"; };
		69E386A01EF783270045C133 /* TopMargrin.swift */ = {isa = PBXFileReference; fileEncoding = 4; lastKnownFileType = sourcecode.swift; path = TopMargrin.swift; sourceTree = "<group>"; };
		69E386A31EF783A40045C133 /* Constants.swift */ = {isa = PBXFileReference; fileEncoding = 4; lastKnownFileType = sourcecode.swift; path = Constants.swift; sourceTree = "<group>"; };
		69E386A51EF785DF0045C133 /* RoundBtn.swift */ = {isa = PBXFileReference; fileEncoding = 4; lastKnownFileType = sourcecode.swift; path = RoundBtn.swift; sourceTree = "<group>"; };
		69E386A71EF78B450045C133 /* RoundCornersBtn.swift */ = {isa = PBXFileReference; fileEncoding = 4; lastKnownFileType = sourcecode.swift; path = RoundCornersBtn.swift; sourceTree = "<group>"; };
		72D166E7664D40CBBDEDCF86 /* Pods_SocialApp.framework */ = {isa = PBXFileReference; explicitFileType = wrapper.framework; includeInIndex = 0; path = Pods_SocialApp.framework; sourceTree = BUILT_PRODUCTS_DIR; };
		7776F04DCB0E073469A964A5 /* Pods_SocialAppTests.framework */ = {isa = PBXFileReference; explicitFileType = wrapper.framework; includeInIndex = 0; path = Pods_SocialAppTests.framework; sourceTree = BUILT_PRODUCTS_DIR; };
		8C637A9775AB909FF970BA76 /* Pods-SocialAppTests.debug.xcconfig */ = {isa = PBXFileReference; includeInIndex = 1; lastKnownFileType = text.xcconfig; name = "Pods-SocialAppTests.debug.xcconfig"; path = "Pods/Target Support Files/Pods-SocialAppTests/Pods-SocialAppTests.debug.xcconfig"; sourceTree = "<group>"; };
		BC6D69B241B96FDFCD9F926D /* Pods-SocialApp.debug.xcconfig */ = {isa = PBXFileReference; includeInIndex = 1; lastKnownFileType = text.xcconfig; name = "Pods-SocialApp.debug.xcconfig"; path = "Pods/Target Support Files/Pods-SocialApp/Pods-SocialApp.debug.xcconfig"; sourceTree = "<group>"; };
		BF2F0A00B02F2295D91E5AA8 /* Pods-SocialApp.release.xcconfig */ = {isa = PBXFileReference; includeInIndex = 1; lastKnownFileType = text.xcconfig; name = "Pods-SocialApp.release.xcconfig"; path = "Pods/Target Support Files/Pods-SocialApp/Pods-SocialApp.release.xcconfig"; sourceTree = "<group>"; };
/* End PBXFileReference section */

/* Begin PBXFrameworksBuildPhase section */
		69AC02391EF7412E00E143A3 /* Frameworks */ = {
			isa = PBXFrameworksBuildPhase;
			buildActionMask = 2147483647;
			files = (
				70D020841F2D2244DB54918E /* Pods_SocialApp.framework in Frameworks */,
			);
			runOnlyForDeploymentPostprocessing = 0;
		};
		69AC024D1EF7413000E143A3 /* Frameworks */ = {
			isa = PBXFrameworksBuildPhase;
			buildActionMask = 2147483647;
			files = (
				1DD7D4DEBFF340482A864B26 /* Pods_SocialAppTests.framework in Frameworks */,
			);
			runOnlyForDeploymentPostprocessing = 0;
		};
/* End PBXFrameworksBuildPhase section */

/* Begin PBXGroup section */
		2D184233428F0FEE8ACC0F0B /* Pods */ = {
			isa = PBXGroup;
			children = (
				BC6D69B241B96FDFCD9F926D /* Pods-SocialApp.debug.xcconfig */,
				BF2F0A00B02F2295D91E5AA8 /* Pods-SocialApp.release.xcconfig */,
				8C637A9775AB909FF970BA76 /* Pods-SocialAppTests.debug.xcconfig */,
				1E8F8A90F634658DFAA08B96 /* Pods-SocialAppTests.release.xcconfig */,
			);
			name = Pods;
			sourceTree = "<group>";
		};
		69AC02331EF7412D00E143A3 = {
			isa = PBXGroup;
			children = (
				69AC023E1EF7412E00E143A3 /* SocialApp */,
				69AC02531EF7413000E143A3 /* SocialAppTests */,
				69AC023D1EF7412E00E143A3 /* Products */,
				2D184233428F0FEE8ACC0F0B /* Pods */,
				76119B07CFE1752732E519E4 /* Frameworks */,
			);
			sourceTree = "<group>";
		};
		69AC023D1EF7412E00E143A3 /* Products */ = {
			isa = PBXGroup;
			children = (
				69AC023C1EF7412E00E143A3 /* SocialApp.app */,
				69AC02501EF7413000E143A3 /* SocialAppTests.xctest */,
			);
			name = Products;
			sourceTree = "<group>";
		};
		69AC023E1EF7412E00E143A3 /* SocialApp */ = {
			isa = PBXGroup;
			children = (
				4403B60F1F01D12E003B38F4 /* SocialApp.entitlements */,
				69E386A21EF783940045C133 /* Utilities */,
				69AC02631EF7447A00E143A3 /* Controller */,
				69AC02621EF7447600E143A3 /* View */,
				69AC02611EF7447000E143A3 /* Model */,
				69AC023F1EF7412E00E143A3 /* AppDelegate.swift */,
				69AC02431EF7412F00E143A3 /* Main.storyboard */,
				69AC02461EF7413000E143A3 /* Assets.xcassets */,
				69AC02481EF7413000E143A3 /* LaunchScreen.storyboard */,
				69AC024B1EF7413000E143A3 /* Info.plist */,
				69AC025F1EF7430300E143A3 /* GoogleService-Info.plist */,
			);
			path = SocialApp;
			sourceTree = "<group>";
		};
		69AC02531EF7413000E143A3 /* SocialAppTests */ = {
			isa = PBXGroup;
			children = (
				69AC02541EF7413000E143A3 /* SocialAppTests.swift */,
				69AC02561EF7413000E143A3 /* Info.plist */,
			);
			path = SocialAppTests;
			sourceTree = "<group>";
		};
		69AC02611EF7447000E143A3 /* Model */ = {
			isa = PBXGroup;
			children = (
			);
			name = Model;
			sourceTree = "<group>";
		};
		69AC02621EF7447600E143A3 /* View */ = {
			isa = PBXGroup;
			children = (
				69E386A01EF783270045C133 /* TopMargrin.swift */,
				69E386A51EF785DF0045C133 /* RoundBtn.swift */,
				69E386A71EF78B450045C133 /* RoundCornersBtn.swift */,
			);
			name = View;
			sourceTree = "<group>";
		};
		69AC02631EF7447A00E143A3 /* Controller */ = {
			isa = PBXGroup;
			children = (
				69AC02411EF7412F00E143A3 /* SignInVC.swift */,
			);
			name = Controller;
			sourceTree = "<group>";
		};
		69E386A21EF783940045C133 /* Utilities */ = {
			isa = PBXGroup;
			children = (
				69E386A31EF783A40045C133 /* Constants.swift */,
			);
			name = Utilities;
			sourceTree = "<group>";
		};
		76119B07CFE1752732E519E4 /* Frameworks */ = {
			isa = PBXGroup;
			children = (
				72D166E7664D40CBBDEDCF86 /* Pods_SocialApp.framework */,
				7776F04DCB0E073469A964A5 /* Pods_SocialAppTests.framework */,
			);
			name = Frameworks;
			sourceTree = "<group>";
		};
/* End PBXGroup section */

/* Begin PBXNativeTarget section */
		69AC023B1EF7412E00E143A3 /* SocialApp */ = {
			isa = PBXNativeTarget;
			buildConfigurationList = 69AC02591EF7413000E143A3 /* Build configuration list for PBXNativeTarget "SocialApp" */;
			buildPhases = (
				57A155D6DCF5C9F3C1D127C2 /* [CP] Check Pods Manifest.lock */,
				69AC02381EF7412E00E143A3 /* Sources */,
				69AC02391EF7412E00E143A3 /* Frameworks */,
				69AC023A1EF7412E00E143A3 /* Resources */,
				E191AAC99239F980029AB458 /* [CP] Embed Pods Frameworks */,
				F3F25871E6B01286037586BF /* [CP] Copy Pods Resources */,
			);
			buildRules = (
			);
			dependencies = (
			);
			name = SocialApp;
			productName = SocialApp;
			productReference = 69AC023C1EF7412E00E143A3 /* SocialApp.app */;
			productType = "com.apple.product-type.application";
		};
		69AC024F1EF7413000E143A3 /* SocialAppTests */ = {
			isa = PBXNativeTarget;
			buildConfigurationList = 69AC025C1EF7413000E143A3 /* Build configuration list for PBXNativeTarget "SocialAppTests" */;
			buildPhases = (
				97E5AB59B4B0F0F16F35224C /* [CP] Check Pods Manifest.lock */,
				69AC024C1EF7413000E143A3 /* Sources */,
				69AC024D1EF7413000E143A3 /* Frameworks */,
				69AC024E1EF7413000E143A3 /* Resources */,
				11434A32C611F8CE29B13FD0 /* [CP] Embed Pods Frameworks */,
				B2CE1BF7A3AC92698EA47E02 /* [CP] Copy Pods Resources */,
			);
			buildRules = (
			);
			dependencies = (
				69AC02521EF7413000E143A3 /* PBXTargetDependency */,
			);
			name = SocialAppTests;
			productName = SocialAppTests;
			productReference = 69AC02501EF7413000E143A3 /* SocialAppTests.xctest */;
			productType = "com.apple.product-type.bundle.unit-test";
		};
/* End PBXNativeTarget section */

/* Begin PBXProject section */
		69AC02341EF7412E00E143A3 /* Project object */ = {
			isa = PBXProject;
			attributes = {
				LastSwiftUpdateCheck = 0830;
				LastUpgradeCheck = 0830;
				ORGANIZATIONNAME = "Arturo Arena";
				TargetAttributes = {
					69AC023B1EF7412E00E143A3 = {
						CreatedOnToolsVersion = 8.3.3;
						DevelopmentTeam = Q9W4EG9Y84;
						ProvisioningStyle = Automatic;
						SystemCapabilities = {
							com.apple.Keychain = {
								enabled = 1;
							};
						};
					};
					69AC024F1EF7413000E143A3 = {
						CreatedOnToolsVersion = 8.3.3;
						DevelopmentTeam = Q9W4EG9Y84;
						ProvisioningStyle = Automatic;
						TestTargetID = 69AC023B1EF7412E00E143A3;
					};
				};
			};
			buildConfigurationList = 69AC02371EF7412E00E143A3 /* Build configuration list for PBXProject "SocialApp" */;
			compatibilityVersion = "Xcode 3.2";
			developmentRegion = English;
			hasScannedForEncodings = 0;
			knownRegions = (
				en,
				Base,
			);
			mainGroup = 69AC02331EF7412D00E143A3;
			productRefGroup = 69AC023D1EF7412E00E143A3 /* Products */;
			projectDirPath = "";
			projectRoot = "";
			targets = (
				69AC023B1EF7412E00E143A3 /* SocialApp */,
				69AC024F1EF7413000E143A3 /* SocialAppTests */,
			);
		};
/* End PBXProject section */

/* Begin PBXResourcesBuildPhase section */
		69AC023A1EF7412E00E143A3 /* Resources */ = {
			isa = PBXResourcesBuildPhase;
			buildActionMask = 2147483647;
			files = (
				69AC024A1EF7413000E143A3 /* LaunchScreen.storyboard in Resources */,
				69AC02471EF7413000E143A3 /* Assets.xcassets in Resources */,
				69AC02451EF7412F00E143A3 /* Main.storyboard in Resources */,
				69AC02601EF7430300E143A3 /* GoogleService-Info.plist in Resources */,
			);
			runOnlyForDeploymentPostprocessing = 0;
		};
		69AC024E1EF7413000E143A3 /* Resources */ = {
			isa = PBXResourcesBuildPhase;
			buildActionMask = 2147483647;
			files = (
			);
			runOnlyForDeploymentPostprocessing = 0;
		};
/* End PBXResourcesBuildPhase section */

/* Begin PBXShellScriptBuildPhase section */
		11434A32C611F8CE29B13FD0 /* [CP] Embed Pods Frameworks */ = {
			isa = PBXShellScriptBuildPhase;
			buildActionMask = 2147483647;
			files = (
			);
			inputPaths = (
			);
			name = "[CP] Embed Pods Frameworks";
			outputPaths = (
			);
			runOnlyForDeploymentPostprocessing = 0;
			shellPath = /bin/sh;
			shellScript = "\"${SRCROOT}/Pods/Target Support Files/Pods-SocialAppTests/Pods-SocialAppTests-frameworks.sh\"\n";
			showEnvVarsInLog = 0;
		};
		57A155D6DCF5C9F3C1D127C2 /* [CP] Check Pods Manifest.lock */ = {
			isa = PBXShellScriptBuildPhase;
			buildActionMask = 2147483647;
			files = (
			);
			inputPaths = (
			);
			name = "[CP] Check Pods Manifest.lock";
			outputPaths = (
			);
			runOnlyForDeploymentPostprocessing = 0;
			shellPath = /bin/sh;
			shellScript = "diff \"${PODS_PODFILE_DIR_PATH}/Podfile.lock\" \"${PODS_ROOT}/Manifest.lock\" > /dev/null\nif [ $? != 0 ] ; then\n    # print error to STDERR\n    echo \"error: The sandbox is not in sync with the Podfile.lock. Run 'pod install' or update your CocoaPods installation.\" >&2\n    exit 1\nfi\n";
			showEnvVarsInLog = 0;
		};
		97E5AB59B4B0F0F16F35224C /* [CP] Check Pods Manifest.lock */ = {
			isa = PBXShellScriptBuildPhase;
			buildActionMask = 2147483647;
			files = (
			);
			inputPaths = (
			);
			name = "[CP] Check Pods Manifest.lock";
			outputPaths = (
			);
			runOnlyForDeploymentPostprocessing = 0;
			shellPath = /bin/sh;
			shellScript = "diff \"${PODS_PODFILE_DIR_PATH}/Podfile.lock\" \"${PODS_ROOT}/Manifest.lock\" > /dev/null\nif [ $? != 0 ] ; then\n    # print error to STDERR\n    echo \"error: The sandbox is not in sync with the Podfile.lock. Run 'pod install' or update your CocoaPods installation.\" >&2\n    exit 1\nfi\n";
			showEnvVarsInLog = 0;
		};
		B2CE1BF7A3AC92698EA47E02 /* [CP] Copy Pods Resources */ = {
			isa = PBXShellScriptBuildPhase;
			buildActionMask = 2147483647;
			files = (
			);
			inputPaths = (
			);
			name = "[CP] Copy Pods Resources";
			outputPaths = (
			);
			runOnlyForDeploymentPostprocessing = 0;
			shellPath = /bin/sh;
			shellScript = "\"${SRCROOT}/Pods/Target Support Files/Pods-SocialAppTests/Pods-SocialAppTests-resources.sh\"\n";
			showEnvVarsInLog = 0;
		};
		E191AAC99239F980029AB458 /* [CP] Embed Pods Frameworks */ = {
			isa = PBXShellScriptBuildPhase;
			buildActionMask = 2147483647;
			files = (
			);
			inputPaths = (
			);
			name = "[CP] Embed Pods Frameworks";
			outputPaths = (
			);
			runOnlyForDeploymentPostprocessing = 0;
			shellPath = /bin/sh;
			shellScript = "\"${SRCROOT}/Pods/Target Support Files/Pods-SocialApp/Pods-SocialApp-frameworks.sh\"\n";
			showEnvVarsInLog = 0;
		};
		F3F25871E6B01286037586BF /* [CP] Copy Pods Resources */ = {
			isa = PBXShellScriptBuildPhase;
			buildActionMask = 2147483647;
			files = (
			);
			inputPaths = (
			);
			name = "[CP] Copy Pods Resources";
			outputPaths = (
			);
			runOnlyForDeploymentPostprocessing = 0;
			shellPath = /bin/sh;
			shellScript = "\"${SRCROOT}/Pods/Target Support Files/Pods-SocialApp/Pods-SocialApp-resources.sh\"\n";
			showEnvVarsInLog = 0;
		};
/* End PBXShellScriptBuildPhase section */

/* Begin PBXSourcesBuildPhase section */
		69AC02381EF7412E00E143A3 /* Sources */ = {
			isa = PBXSourcesBuildPhase;
			buildActionMask = 2147483647;
			files = (
				69E386A81EF78B450045C133 /* RoundCornersBtn.swift in Sources */,
				69AC02421EF7412F00E143A3 /* SignInVC.swift in Sources */,
				69E386A61EF785DF0045C133 /* RoundBtn.swift in Sources */,
				69AC02401EF7412E00E143A3 /* AppDelegate.swift in Sources */,
				69E386A11EF783270045C133 /* TopMargrin.swift in Sources */,
				69E386A41EF783A40045C133 /* Constants.swift in Sources */,
			);
			runOnlyForDeploymentPostprocessing = 0;
		};
		69AC024C1EF7413000E143A3 /* Sources */ = {
			isa = PBXSourcesBuildPhase;
			buildActionMask = 2147483647;
			files = (
				69AC02551EF7413000E143A3 /* SocialAppTests.swift in Sources */,
			);
			runOnlyForDeploymentPostprocessing = 0;
		};
/* End PBXSourcesBuildPhase section */

/* Begin PBXTargetDependency section */
		69AC02521EF7413000E143A3 /* PBXTargetDependency */ = {
			isa = PBXTargetDependency;
			target = 69AC023B1EF7412E00E143A3 /* SocialApp */;
			targetProxy = 69AC02511EF7413000E143A3 /* PBXContainerItemProxy */;
		};
/* End PBXTargetDependency section */

/* Begin PBXVariantGroup section */
		69AC02431EF7412F00E143A3 /* Main.storyboard */ = {
			isa = PBXVariantGroup;
			children = (
				69AC02441EF7412F00E143A3 /* Base */,
			);
			name = Main.storyboard;
			sourceTree = "<group>";
		};
		69AC02481EF7413000E143A3 /* LaunchScreen.storyboard */ = {
			isa = PBXVariantGroup;
			children = (
				69AC02491EF7413000E143A3 /* Base */,
			);
			name = LaunchScreen.storyboard;
			sourceTree = "<group>";
		};
/* End PBXVariantGroup section */

/* Begin XCBuildConfiguration section */
		69AC02571EF7413000E143A3 /* Debug */ = {
			isa = XCBuildConfiguration;
			buildSettings = {
				ALWAYS_SEARCH_USER_PATHS = NO;
				CLANG_ANALYZER_NONNULL = YES;
				CLANG_ANALYZER_NUMBER_OBJECT_CONVERSION = YES_AGGRESSIVE;
				CLANG_CXX_LANGUAGE_STANDARD = "gnu++0x";
				CLANG_CXX_LIBRARY = "libc++";
				CLANG_ENABLE_MODULES = YES;
				CLANG_ENABLE_OBJC_ARC = YES;
				CLANG_WARN_BOOL_CONVERSION = YES;
				CLANG_WARN_CONSTANT_CONVERSION = YES;
				CLANG_WARN_DIRECT_OBJC_ISA_USAGE = YES_ERROR;
				CLANG_WARN_DOCUMENTATION_COMMENTS = YES;
				CLANG_WARN_EMPTY_BODY = YES;
				CLANG_WARN_ENUM_CONVERSION = YES;
				CLANG_WARN_INFINITE_RECURSION = YES;
				CLANG_WARN_INT_CONVERSION = YES;
				CLANG_WARN_OBJC_ROOT_CLASS = YES_ERROR;
				CLANG_WARN_SUSPICIOUS_MOVE = YES;
				CLANG_WARN_UNREACHABLE_CODE = YES;
				CLANG_WARN__DUPLICATE_METHOD_MATCH = YES;
				"CODE_SIGN_IDENTITY[sdk=iphoneos*]" = "iPhone Developer";
				COPY_PHASE_STRIP = NO;
				DEBUG_INFORMATION_FORMAT = dwarf;
				ENABLE_STRICT_OBJC_MSGSEND = YES;
				ENABLE_TESTABILITY = YES;
				GCC_C_LANGUAGE_STANDARD = gnu99;
				GCC_DYNAMIC_NO_PIC = NO;
				GCC_NO_COMMON_BLOCKS = YES;
				GCC_OPTIMIZATION_LEVEL = 0;
				GCC_PREPROCESSOR_DEFINITIONS = (
					"DEBUG=1",
					"$(inherited)",
				);
				GCC_WARN_64_TO_32_BIT_CONVERSION = YES;
				GCC_WARN_ABOUT_RETURN_TYPE = YES_ERROR;
				GCC_WARN_UNDECLARED_SELECTOR = YES;
				GCC_WARN_UNINITIALIZED_AUTOS = YES_AGGRESSIVE;
				GCC_WARN_UNUSED_FUNCTION = YES;
				GCC_WARN_UNUSED_VARIABLE = YES;
				IPHONEOS_DEPLOYMENT_TARGET = 10.3;
				MTL_ENABLE_DEBUG_INFO = YES;
				ONLY_ACTIVE_ARCH = YES;
				SDKROOT = iphoneos;
				SWIFT_ACTIVE_COMPILATION_CONDITIONS = DEBUG;
				SWIFT_OPTIMIZATION_LEVEL = "-Onone";
			};
			name = Debug;
		};
		69AC02581EF7413000E143A3 /* Release */ = {
			isa = XCBuildConfiguration;
			buildSettings = {
				ALWAYS_SEARCH_USER_PATHS = NO;
				CLANG_ANALYZER_NONNULL = YES;
				CLANG_ANALYZER_NUMBER_OBJECT_CONVERSION = YES_AGGRESSIVE;
				CLANG_CXX_LANGUAGE_STANDARD = "gnu++0x";
				CLANG_CXX_LIBRARY = "libc++";
				CLANG_ENABLE_MODULES = YES;
				CLANG_ENABLE_OBJC_ARC = YES;
				CLANG_WARN_BOOL_CONVERSION = YES;
				CLANG_WARN_CONSTANT_CONVERSION = YES;
				CLANG_WARN_DIRECT_OBJC_ISA_USAGE = YES_ERROR;
				CLANG_WARN_DOCUMENTATION_COMMENTS = YES;
				CLANG_WARN_EMPTY_BODY = YES;
				CLANG_WARN_ENUM_CONVERSION = YES;
				CLANG_WARN_INFINITE_RECURSION = YES;
				CLANG_WARN_INT_CONVERSION = YES;
				CLANG_WARN_OBJC_ROOT_CLASS = YES_ERROR;
				CLANG_WARN_SUSPICIOUS_MOVE = YES;
				CLANG_WARN_UNREACHABLE_CODE = YES;
				CLANG_WARN__DUPLICATE_METHOD_MATCH = YES;
				"CODE_SIGN_IDENTITY[sdk=iphoneos*]" = "iPhone Developer";
				COPY_PHASE_STRIP = NO;
				DEBUG_INFORMATION_FORMAT = "dwarf-with-dsym";
				ENABLE_NS_ASSERTIONS = NO;
				ENABLE_STRICT_OBJC_MSGSEND = YES;
				GCC_C_LANGUAGE_STANDARD = gnu99;
				GCC_NO_COMMON_BLOCKS = YES;
				GCC_WARN_64_TO_32_BIT_CONVERSION = YES;
				GCC_WARN_ABOUT_RETURN_TYPE = YES_ERROR;
				GCC_WARN_UNDECLARED_SELECTOR = YES;
				GCC_WARN_UNINITIALIZED_AUTOS = YES_AGGRESSIVE;
				GCC_WARN_UNUSED_FUNCTION = YES;
				GCC_WARN_UNUSED_VARIABLE = YES;
				IPHONEOS_DEPLOYMENT_TARGET = 10.3;
				MTL_ENABLE_DEBUG_INFO = NO;
				SDKROOT = iphoneos;
				SWIFT_OPTIMIZATION_LEVEL = "-Owholemodule";
				VALIDATE_PRODUCT = YES;
			};
			name = Release;
		};
		69AC025A1EF7413000E143A3 /* Debug */ = {
			isa = XCBuildConfiguration;
			baseConfigurationReference = BC6D69B241B96FDFCD9F926D /* Pods-SocialApp.debug.xcconfig */;
			buildSettings = {
				ASSETCATALOG_COMPILER_APPICON_NAME = AppIcon;
				CODE_SIGN_ENTITLEMENTS = SocialApp/SocialApp.entitlements;
				DEVELOPMENT_TEAM = Q9W4EG9Y84;
				INFOPLIST_FILE = SocialApp/Info.plist;
				LD_RUNPATH_SEARCH_PATHS = "$(inherited) @executable_path/Frameworks";
				PRODUCT_BUNDLE_IDENTIFIER = MyRoomCreations.SocialApp;
				PRODUCT_NAME = "$(TARGET_NAME)";
				SWIFT_VERSION = 3.0;
			};
			name = Debug;
		};
		69AC025B1EF7413000E143A3 /* Release */ = {
			isa = XCBuildConfiguration;
			baseConfigurationReference = BF2F0A00B02F2295D91E5AA8 /* Pods-SocialApp.release.xcconfig */;
			buildSettings = {
				ASSETCATALOG_COMPILER_APPICON_NAME = AppIcon;
				CODE_SIGN_ENTITLEMENTS = SocialApp/SocialApp.entitlements;
				DEVELOPMENT_TEAM = Q9W4EG9Y84;
				INFOPLIST_FILE = SocialApp/Info.plist;
				LD_RUNPATH_SEARCH_PATHS = "$(inherited) @executable_path/Frameworks";
				PRODUCT_BUNDLE_IDENTIFIER = MyRoomCreations.SocialApp;
				PRODUCT_NAME = "$(TARGET_NAME)";
				SWIFT_VERSION = 3.0;
			};
			name = Release;
		};
		69AC025D1EF7413000E143A3 /* Debug */ = {
			isa = XCBuildConfiguration;
			baseConfigurationReference = 8C637A9775AB909FF970BA76 /* Pods-SocialAppTests.debug.xcconfig */;
			buildSettings = {
				ALWAYS_EMBED_SWIFT_STANDARD_LIBRARIES = YES;
				BUNDLE_LOADER = "$(TEST_HOST)";
				DEVELOPMENT_TEAM = Q9W4EG9Y84;
				INFOPLIST_FILE = SocialAppTests/Info.plist;
				LD_RUNPATH_SEARCH_PATHS = "$(inherited) @executable_path/Frameworks @loader_path/Frameworks";
				PRODUCT_BUNDLE_IDENTIFIER = MyRoomCreations.SocialAppTests;
				PRODUCT_NAME = "$(TARGET_NAME)";
				SWIFT_VERSION = 3.0;
				TEST_HOST = "$(BUILT_PRODUCTS_DIR)/SocialApp.app/SocialApp";
			};
			name = Debug;
		};
		69AC025E1EF7413000E143A3 /* Release */ = {
			isa = XCBuildConfiguration;
			baseConfigurationReference = 1E8F8A90F634658DFAA08B96 /* Pods-SocialAppTests.release.xcconfig */;
			buildSettings = {
				ALWAYS_EMBED_SWIFT_STANDARD_LIBRARIES = YES;
				BUNDLE_LOADER = "$(TEST_HOST)";
				DEVELOPMENT_TEAM = Q9W4EG9Y84;
				INFOPLIST_FILE = SocialAppTests/Info.plist;
				LD_RUNPATH_SEARCH_PATHS = "$(inherited) @executable_path/Frameworks @loader_path/Frameworks";
				PRODUCT_BUNDLE_IDENTIFIER = MyRoomCreations.SocialAppTests;
				PRODUCT_NAME = "$(TARGET_NAME)";
				SWIFT_VERSION = 3.0;
				TEST_HOST = "$(BUILT_PRODUCTS_DIR)/SocialApp.app/SocialApp";
			};
			name = Release;
		};
/* End XCBuildConfiguration section */

/* Begin XCConfigurationList section */
		69AC02371EF7412E00E143A3 /* Build configuration list for PBXProject "SocialApp" */ = {
			isa = XCConfigurationList;
			buildConfigurations = (
				69AC02571EF7413000E143A3 /* Debug */,
				69AC02581EF7413000E143A3 /* Release */,
			);
			defaultConfigurationIsVisible = 0;
			defaultConfigurationName = Release;
		};
		69AC02591EF7413000E143A3 /* Build configuration list for PBXNativeTarget "SocialApp" */ = {
			isa = XCConfigurationList;
			buildConfigurations = (
				69AC025A1EF7413000E143A3 /* Debug */,
				69AC025B1EF7413000E143A3 /* Release */,
			);
			defaultConfigurationIsVisible = 0;
			defaultConfigurationName = Release;
		};
		69AC025C1EF7413000E143A3 /* Build configuration list for PBXNativeTarget "SocialAppTests" */ = {
			isa = XCConfigurationList;
			buildConfigurations = (
				69AC025D1EF7413000E143A3 /* Debug */,
				69AC025E1EF7413000E143A3 /* Release */,
			);
			defaultConfigurationIsVisible = 0;
			defaultConfigurationName = Release;
		};
/* End XCConfigurationList section */
	};
	rootObject = 69AC02341EF7412E00E143A3 /* Project object */;
}
